
Microsoft Visual Studio Solution File, Format Version 12.00
# Visual Studio 14
VisualStudioVersion = 14.0.23107.0
MinimumVisualStudioVersion = 10.0.40219.1
Project("{FAE04EC0-301F-11D3-BF4B-00C04F79EFBC}") = "WindowsFormsApplication1", "WindowsFormsApplication1\WindowsFormsApplication1.csproj", "{618B7E52-09B0-4571-AE9A-FF5B1894635E}"
EndProject
Project("{FAE04EC0-301F-11D3-BF4B-00C04F79EFBC}") = "WebAndLoadTestProject1", "WebAndLoadTestProject1\WebAndLoadTestProject1.csproj", "{1B775CFD-B965-4355-BBD7-A1F8F555921B}"
EndProject
Project("{2150E333-8FDC-42A3-9474-1A3956D46DE8}") = "Solution Items", "Solution Items", "{70CBFE3E-21E6-423A-99A2-7C257F81D2CE}"
	ProjectSection(SolutionItems) = preProject
		Local.testsettings = Local.testsettings
	EndProjectSection
EndProject
Global
	GlobalSection(SolutionConfigurationPlatforms) = preSolution
		Debug|Any CPU = Debug|Any CPU
		Release|Any CPU = Release|Any CPU
	EndGlobalSection
	GlobalSection(ProjectConfigurationPlatforms) = postSolution
		{618B7E52-09B0-4571-AE9A-FF5B1894635E}.Debug|Any CPU.ActiveCfg = Debug|Any CPU
		{618B7E52-09B0-4571-AE9A-FF5B1894635E}.Debug|Any CPU.Build.0 = Debug|Any CPU
		{618B7E52-09B0-4571-AE9A-FF5B1894635E}.Release|Any CPU.ActiveCfg = Release|Any CPU
		{618B7E52-09B0-4571-AE9A-FF5B1894635E}.Release|Any CPU.Build.0 = Release|Any CPU
		{1B775CFD-B965-4355-BBD7-A1F8F555921B}.Debug|Any CPU.ActiveCfg = Debug|Any CPU
		{1B775CFD-B965-4355-BBD7-A1F8F555921B}.Debug|Any CPU.Build.0 = Debug|Any CPU
		{1B775CFD-B965-4355-BBD7-A1F8F555921B}.Release|Any CPU.ActiveCfg = Release|Any CPU
		{1B775CFD-B965-4355-BBD7-A1F8F555921B}.Release|Any CPU.Build.0 = Release|Any CPU
	EndGlobalSection
	GlobalSection(SolutionProperties) = preSolution
		HideSolutionNode = FALSE
	EndGlobalSection
EndGlobal
